{
  "lockfileVersion": 1,
  "workspaces": {
    "": {
      "name": "admin-hub-api",
      "dependencies": {
        "@hono/zod-validator": "^0.7.3",
        "@supabase/supabase-js": "^2.58.0",
        "dayjs": "^1.11.18",
        "dotenv": "^17.2.3",
        "hono": "^4.9.9",
        "jsonwebtoken": "^9.0.2",
        "resend": "^6.1.2",
        "zod": "^4.1.11",
      },
      "devDependencies": {
        "@types/bcrypt": "^6.0.0",
        "@types/bun": "latest",
        "@types/jsonwebtoken": "^9.0.10",
      },
    },
  },
  "packages": {
    "@hono/zod-validator": ["@hono/zod-validator@0.7.3", "", { "peerDependencies": { "hono": ">=3.9.0", "zod": "^3.25.0 || ^4.0.0" } }, "sha512-uYGdgVib3RlGD698WR5dVM0zB3UuPY5vHKXffGUbUh7r4xY+mFIhF3/v4AcQVLrU5CQdBso8BJr4wuVoCrjTuQ=="],

    "@supabase/auth-js": ["@supabase/auth-js@2.72.0", "", { "dependencies": { "@supabase/node-fetch": "^2.6.14" } }, "sha512-4+bnUrtTDK1YD0/FCx2YtMiQH5FGu9Jlf4IQi5kcqRwRwqp2ey39V61nHNdH86jm3DIzz0aZKiWfTW8qXk1swQ=="],

    "@supabase/functions-js": ["@supabase/functions-js@2.5.0", "", { "dependencies": { "@supabase/node-fetch": "^2.6.14" } }, "sha512-SXBx6Jvp+MOBekeKFu+G11YLYPeVeGQl23eYyAG9+Ro0pQ1aIP0UZNIBxHKNHqxzR0L0n6gysNr2KT3841NATw=="],

    "@supabase/node-fetch": ["@supabase/node-fetch@2.6.15", "", { "dependencies": { "whatwg-url": "^5.0.0" } }, "sha512-1ibVeYUacxWYi9i0cf5efil6adJ9WRyZBLivgjs+AUpewx1F3xPi7gLgaASI2SmIQxPoCEjAsLAzKPgMJVgOUQ=="],

    "@supabase/postgrest-js": ["@supabase/postgrest-js@1.21.4", "", { "dependencies": { "@supabase/node-fetch": "^2.6.14" } }, "sha512-TxZCIjxk6/dP9abAi89VQbWWMBbybpGWyvmIzTd79OeravM13OjR/YEYeyUOPcM1C3QyvXkvPZhUfItvmhY1IQ=="],

    "@supabase/realtime-js": ["@supabase/realtime-js@2.15.5", "", { "dependencies": { "@supabase/node-fetch": "^2.6.13", "@types/phoenix": "^1.6.6", "@types/ws": "^8.18.1", "ws": "^8.18.2" } }, "sha512-/Rs5Vqu9jejRD8ZeuaWXebdkH+J7V6VySbCZ/zQM93Ta5y3mAmocjioa/nzlB6qvFmyylUgKVS1KpE212t30OA=="],

    "@supabase/storage-js": ["@supabase/storage-js@2.12.2", "", { "dependencies": { "@supabase/node-fetch": "^2.6.14" } }, "sha512-SiySHxi3q7gia7NBYpsYRu8gyI0NhFwSORMxbZIxJ/zAVkN6QpwDRan158CJ+UdzD4WB/rQMAGRqIJQP+7ccAQ=="],

    "@supabase/supabase-js": ["@supabase/supabase-js@2.58.0", "", { "dependencies": { "@supabase/auth-js": "2.72.0", "@supabase/functions-js": "2.5.0", "@supabase/node-fetch": "2.6.15", "@supabase/postgrest-js": "1.21.4", "@supabase/realtime-js": "2.15.5", "@supabase/storage-js": "2.12.2" } }, "sha512-Tm1RmQpoAKdQr4/8wiayGti/no+If7RtveVZjHR8zbO7hhQjmPW2Ok5ZBPf1MGkt5c+9R85AVMsTfSaqAP1sUg=="],

    "@types/bcrypt": ["@types/bcrypt@6.0.0", "", { "dependencies": { "@types/node": "*" } }, "sha512-/oJGukuH3D2+D+3H4JWLaAsJ/ji86dhRidzZ/Od7H/i8g+aCmvkeCc6Ni/f9uxGLSQVCRZkX2/lqEFG2BvWtlQ=="],

    "@types/bun": ["@types/bun@1.2.23", "", { "dependencies": { "bun-types": "1.2.23" } }, "sha512-le8ueOY5b6VKYf19xT3McVbXqLqmxzPXHsQT/q9JHgikJ2X22wyTW3g3ohz2ZMnp7dod6aduIiq8A14Xyimm0A=="],

    "@types/jsonwebtoken": ["@types/jsonwebtoken@9.0.10", "", { "dependencies": { "@types/ms": "*", "@types/node": "*" } }, "sha512-asx5hIG9Qmf/1oStypjanR7iKTv0gXQ1Ov/jfrX6kS/EO0OFni8orbmGCn0672NHR3kXHwpAwR+B368ZGN/2rA=="],

    "@types/ms": ["@types/ms@2.1.0", "", {}, "sha512-GsCCIZDE/p3i96vtEqx+7dBUGXrc7zeSK3wwPHIaRThS+9OhWIXRqzs4d6k1SVU8g91DrNRWxWUGhp5KXQb2VA=="],

    "@types/node": ["@types/node@24.6.0", "", { "dependencies": { "undici-types": "~7.13.0" } }, "sha512-F1CBxgqwOMc4GKJ7eY22hWhBVQuMYTtqI8L0FcszYcpYX0fzfDGpez22Xau8Mgm7O9fI+zA/TYIdq3tGWfweBA=="],

    "@types/phoenix": ["@types/phoenix@1.6.6", "", {}, "sha512-PIzZZlEppgrpoT2QgbnDU+MMzuR6BbCjllj0bM70lWoejMeNJAxCchxnv7J3XFkI8MpygtRpzXrIlmWUBclP5A=="],

    "@types/react": ["@types/react@19.1.16", "", { "dependencies": { "csstype": "^3.0.2" } }, "sha512-WBM/nDbEZmDUORKnh5i1bTnAz6vTohUf9b8esSMu+b24+srbaxa04UbJgWx78CVfNXA20sNu0odEIluZDFdCog=="],

    "@types/ws": ["@types/ws@8.18.1", "", { "dependencies": { "@types/node": "*" } }, "sha512-ThVF6DCVhA8kUGy+aazFQ4kXQ7E1Ty7A3ypFOe0IcJV8O/M511G99AW24irKrW56Wt44yG9+ij8FaqoBGkuBXg=="],

    "buffer-equal-constant-time": ["buffer-equal-constant-time@1.0.1", "", {}, "sha512-zRpUiDwd/xk6ADqPMATG8vc9VPrkck7T07OIx0gnjmJAnHnTVXNQG3vfvWNuiZIkwu9KrKdA1iJKfsfTVxE6NA=="],

    "bun-types": ["bun-types@1.2.23", "", { "dependencies": { "@types/node": "*" }, "peerDependencies": { "@types/react": "^19" } }, "sha512-R9f0hKAZXgFU3mlrA0YpE/fiDvwV0FT9rORApt2aQVWSuJDzZOyB5QLc0N/4HF57CS8IXJ6+L5E4W1bW6NS2Aw=="],

    "csstype": ["csstype@3.1.3", "", {}, "sha512-M1uQkMl8rQK/szD0LNhtqxIPLpimGm8sOBwU7lLnCpSbTyY3yeU1Vc7l4KT5zT4s/yOxHH5O7tIuuLOCnLADRw=="],

    "dayjs": ["dayjs@1.11.18", "", {}, "sha512-zFBQ7WFRvVRhKcWoUh+ZA1g2HVgUbsZm9sbddh8EC5iv93sui8DVVz1Npvz+r6meo9VKfa8NyLWBsQK1VvIKPA=="],

    "dotenv": ["dotenv@17.2.3", "", {}, "sha512-JVUnt+DUIzu87TABbhPmNfVdBDt18BLOWjMUFJMSi/Qqg7NTYtabbvSNJGOJ7afbRuv9D/lngizHtP7QyLQ+9w=="],

    "ecdsa-sig-formatter": ["ecdsa-sig-formatter@1.0.11", "", { "dependencies": { "safe-buffer": "^5.0.1" } }, "sha512-nagl3RYrbNv6kQkeJIpt6NJZy8twLB/2vtz6yN9Z4vRKHN4/QZJIEbqohALSgwKdnksuY3k5Addp5lg8sVoVcQ=="],

    "hono": ["hono@4.9.9", "", {}, "sha512-Hxw4wT6zjJGZJdkJzAx9PyBdf7ZpxaTSA0NfxqjLghwMrLBX8p33hJBzoETRakF3UJu6OdNQBZAlNSkGqKFukw=="],

    "jsonwebtoken": ["jsonwebtoken@9.0.2", "", { "dependencies": { "jws": "^3.2.2", "lodash.includes": "^4.3.0", "lodash.isboolean": "^3.0.3", "lodash.isinteger": "^4.0.4", "lodash.isnumber": "^3.0.3", "lodash.isplainobject": "^4.0.6", "lodash.isstring": "^4.0.1", "lodash.once": "^4.0.0", "ms": "^2.1.1", "semver": "^7.5.4" } }, "sha512-PRp66vJ865SSqOlgqS8hujT5U4AOgMfhrwYIuIhfKaoSCZcirrmASQr8CX7cUg+RMih+hgznrjp99o+W4pJLHQ=="],

    "jwa": ["jwa@1.4.2", "", { "dependencies": { "buffer-equal-constant-time": "^1.0.1", "ecdsa-sig-formatter": "1.0.11", "safe-buffer": "^5.0.1" } }, "sha512-eeH5JO+21J78qMvTIDdBXidBd6nG2kZjg5Ohz/1fpa28Z4CcsWUzJ1ZZyFq/3z3N17aZy+ZuBoHljASbL1WfOw=="],

    "jws": ["jws@3.2.2", "", { "dependencies": { "jwa": "^1.4.1", "safe-buffer": "^5.0.1" } }, "sha512-YHlZCB6lMTllWDtSPHz/ZXTsi8S00usEV6v1tjq8tOUZzw7DpSDWVXjXDre6ed1w/pd495ODpHZYSdkRTsa0HA=="],

    "lodash.includes": ["lodash.includes@4.3.0", "", {}, "sha512-W3Bx6mdkRTGtlJISOvVD/lbqjTlPPUDTMnlXZFnVwi9NKJ6tiAk6LVdlhZMm17VZisqhKcgzpO5Wz91PCt5b0w=="],

    "lodash.isboolean": ["lodash.isboolean@3.0.3", "", {}, "sha512-Bz5mupy2SVbPHURB98VAcw+aHh4vRV5IPNhILUCsOzRmsTmSQ17jIuqopAentWoehktxGd9e/hbIXq980/1QJg=="],

    "lodash.isinteger": ["lodash.isinteger@4.0.4", "", {}, "sha512-DBwtEWN2caHQ9/imiNeEA5ys1JoRtRfY3d7V9wkqtbycnAmTvRRmbHKDV4a0EYc678/dia0jrte4tjYwVBaZUA=="],

    "lodash.isnumber": ["lodash.isnumber@3.0.3", "", {}, "sha512-QYqzpfwO3/CWf3XP+Z+tkQsfaLL/EnUlXWVkIk5FUPc4sBdTehEqZONuyRt2P67PXAk+NXmTBcc97zw9t1FQrw=="],

    "lodash.isplainobject": ["lodash.isplainobject@4.0.6", "", {}, "sha512-oSXzaWypCMHkPC3NvBEaPHf0KsA5mvPrOPgQWDsbg8n7orZ290M0BmC/jgRZ4vcJ6DTAhjrsSYgdsW/F+MFOBA=="],

    "lodash.isstring": ["lodash.isstring@4.0.1", "", {}, "sha512-0wJxfxH1wgO3GrbuP+dTTk7op+6L41QCXbGINEmD+ny/G/eCqGzxyCsh7159S+mgDDcoarnBw6PC1PS5+wUGgw=="],

    "lodash.once": ["lodash.once@4.1.1", "", {}, "sha512-Sb487aTOCr9drQVL8pIxOzVhafOjZN9UU54hiN8PU3uAiSV7lx1yYNpbNmex2PK6dSJoNTSJUUswT651yww3Mg=="],

    "ms": ["ms@2.1.3", "", {}, "sha512-6FlzubTLZG3J2a/NVCAleEhjzq5oxgHyaCU9yYXvcLsvoVaHJq/s5xXI6/XXP6tz7R9xAOtHnSO/tXtF3WRTlA=="],

    "resend": ["resend@6.1.2", "", { "peerDependencies": { "@react-email/render": "*" }, "optionalPeers": ["@react-email/render"] }, "sha512-C9Q+YkRe57P8MQlkHG3yatSR/B6sqBGA06Ri2DveJfkz9Vm16182FC/iHB0K6IAfmqZ4yRrFebFw1EPuktLtSg=="],

    "safe-buffer": ["safe-buffer@5.2.1", "", {}, "sha512-rp3So07KcdmmKbGvgaNxQSJr7bGVSVk5S9Eq1F+ppbRo70+YeaDxkw5Dd8NPN+GD6bjnYm2VuPuCXmpuYvmCXQ=="],

    "semver": ["semver@7.7.2", "", { "bin": { "semver": "bin/semver.js" } }, "sha512-RF0Fw+rO5AMf9MAyaRXI4AV0Ulj5lMHqVxxdSgiVbixSCXoEmmX/jk0CuJw4+3SqroYO9VoUh+HcuJivvtJemA=="],

    "tr46": ["tr46@0.0.3", "", {}, "sha512-N3WMsuqV66lT30CrXNbEjx4GEwlow3v6rr4mCcv6prnfwhS01rkgyFdjPNBYd9br7LpXV1+Emh01fHnq2Gdgrw=="],

    "undici-types": ["undici-types@7.13.0", "", {}, "sha512-Ov2Rr9Sx+fRgagJ5AX0qvItZG/JKKoBRAVITs1zk7IqZGTJUwgUr7qoYBpWwakpWilTZFM98rG/AFRocu10iIQ=="],

    "webidl-conversions": ["webidl-conversions@3.0.1", "", {}, "sha512-2JAn3z8AR6rjK8Sm8orRC0h/bcl/DqL7tRPdGZ4I1CjdF+EaMLmYxBHyXuKL849eucPFhvBoxMsflfOb8kxaeQ=="],

    "whatwg-url": ["whatwg-url@5.0.0", "", { "dependencies": { "tr46": "~0.0.3", "webidl-conversions": "^3.0.0" } }, "sha512-saE57nupxk6v3HY35+jzBwYa0rKSy0XR8JSxZPwgLr7ys0IBzhGviA1/TUGJLmSVqs8pb9AnvICXEuOHLprYTw=="],

    "ws": ["ws@8.18.3", "", { "peerDependencies": { "bufferutil": "^4.0.1", "utf-8-validate": ">=5.0.2" }, "optionalPeers": ["bufferutil", "utf-8-validate"] }, "sha512-PEIGCY5tSlUt50cqyMXfCzX+oOPqN0vuGqWzbcJ2xvnkzkq46oOpz7dQaTDBdfICb4N14+GARUDw2XV2N4tvzg=="],

    "zod": ["zod@4.1.11", "", {}, "sha512-WPsqwxITS2tzx1bzhIKsEs19ABD5vmCVa4xBo2tq/SrV4RNZtfws1EnCWQXM6yh8bD08a1idvkB5MZSBiZsjwg=="],
  }
}
